// !$*UTF8*$!
{
	archiveVersion = 1;
	classes = {
	};
	objectVersion = 46;
	objects = {

/* Begin PBXBuildFile section */
		90416B891EA6FAFC006A3EE7 /* tableViewControllerResult.swift in Sources */ = {isa = PBXBuildFile; fileRef = 90416B881EA6FAFC006A3EE7 /* tableViewControllerResult.swift */; };
		904904B71EA19AA700FC6F03 /* ResultViewController.swift in Sources */ = {isa = PBXBuildFile; fileRef = 904904B61EA19AA700FC6F03 /* ResultViewController.swift */; };
		904904B91EA2577600FC6F03 /* DynamicVelocityTextFieldCell.swift in Sources */ = {isa = PBXBuildFile; fileRef = 904904B81EA2577600FC6F03 /* DynamicVelocityTextFieldCell.swift */; };
		905A27CD1EA3DE5500BE6636 /* ViewControllerForTableViewController.swift in Sources */ = {isa = PBXBuildFile; fileRef = 905A27CC1EA3DE5500BE6636 /* ViewControllerForTableViewController.swift */; };
		906AD3551EA0F72D00E7B487 /* dynamicVelocityCell.swift in Sources */ = {isa = PBXBuildFile; fileRef = 906AD3541EA0F72D00E7B487 /* dynamicVelocityCell.swift */; };
		907C100C1EA144510021154B /* VelocityViewController.swift in Sources */ = {isa = PBXBuildFile; fileRef = 907C100B1EA144510021154B /* VelocityViewController.swift */; };
		90985D6A1E9BBBB40053D66F /* ResultCell.swift in Sources */ = {isa = PBXBuildFile; fileRef = 90985D691E9BBBB40053D66F /* ResultCell.swift */; };
		90C4EB341EAE572600DA1965 /* TableViewControllerSettings.swift in Sources */ = {isa = PBXBuildFile; fileRef = 90C4EB331EAE572600DA1965 /* TableViewControllerSettings.swift */; };
		90D8A5E21E9AC35300227C72 /* AppDelegate.swift in Sources */ = {isa = PBXBuildFile; fileRef = 90D8A5E11E9AC35300227C72 /* AppDelegate.swift */; };
		90D8A5E41E9AC35300227C72 /* ViewController.swift in Sources */ = {isa = PBXBuildFile; fileRef = 90D8A5E31E9AC35300227C72 /* ViewController.swift */; };
		90D8A5E71E9AC35300227C72 /* Main.storyboard in Resources */ = {isa = PBXBuildFile; fileRef = 90D8A5E51E9AC35300227C72 /* Main.storyboard */; };
		90D8A5E91E9AC35300227C72 /* Assets.xcassets in Resources */ = {isa = PBXBuildFile; fileRef = 90D8A5E81E9AC35300227C72 /* Assets.xcassets */; };
		90D8A5EC1E9AC35300227C72 /* LaunchScreen.storyboard in Resources */ = {isa = PBXBuildFile; fileRef = 90D8A5EA1E9AC35300227C72 /* LaunchScreen.storyboard */; };
		90D8A5F71E9AC35300227C72 /* TABLEVIEW_1Tests.swift in Sources */ = {isa = PBXBuildFile; fileRef = 90D8A5F61E9AC35300227C72 /* TABLEVIEW_1Tests.swift */; };
		90D8A6021E9AC35300227C72 /* TABLEVIEW_1UITests.swift in Sources */ = {isa = PBXBuildFile; fileRef = 90D8A6011E9AC35300227C72 /* TABLEVIEW_1UITests.swift */; };
		90D8A6101E9AC73500227C72 /* CustomCell.swift in Sources */ = {isa = PBXBuildFile; fileRef = 90D8A60F1E9AC73500227C72 /* CustomCell.swift */; };
		90D8A6121E9AD65900227C72 /* SwitchCell.swift in Sources */ = {isa = PBXBuildFile; fileRef = 90D8A6111E9AD65900227C72 /* SwitchCell.swift */; };
		90E3859E1EAD2125008F82DE /* LoadingScreenViewController.swift in Sources */ = {isa = PBXBuildFile; fileRef = 90E3859D1EAD2125008F82DE /* LoadingScreenViewController.swift */; };
		90E7042D1EA18726003AADEC /* TableViewController.swift in Sources */ = {isa = PBXBuildFile; fileRef = 90E7042C1EA18726003AADEC /* TableViewController.swift */; };
/* End PBXBuildFile section */

/* Begin PBXContainerItemProxy section */
		90D8A5F31E9AC35300227C72 /* PBXContainerItemProxy */ = {
			isa = PBXContainerItemProxy;
			containerPortal = 90D8A5D61E9AC35300227C72 /* Project object */;
			proxyType = 1;
			remoteGlobalIDString = 90D8A5DD1E9AC35300227C72;
			remoteInfo = TABLEVIEW_1;
		};
		90D8A5FE1E9AC35300227C72 /* PBXContainerItemProxy */ = {
			isa = PBXContainerItemProxy;
			containerPortal = 90D8A5D61E9AC35300227C72 /* Project object */;
			proxyType = 1;
			remoteGlobalIDString = 90D8A5DD1E9AC35300227C72;
			remoteInfo = TABLEVIEW_1;
		};
/* End PBXContainerItemProxy section */

/* Begin PBXFileReference section */
		90416B881EA6FAFC006A3EE7 /* tableViewControllerResult.swift */ = {isa = PBXFileReference; fileEncoding = 4; lastKnownFileType = sourcecode.swift; name = tableViewControllerResult.swift; path = TABLEVIEW_1/tableViewControllerResult.swift; sourceTree = "<group>"; };
		904904B61EA19AA700FC6F03 /* ResultViewController.swift */ = {isa = PBXFileReference; fileEncoding = 4; lastKnownFileType = sourcecode.swift; path = ResultViewController.swift; sourceTree = "<group>"; };
		904904B81EA2577600FC6F03 /* DynamicVelocityTextFieldCell.swift */ = {isa = PBXFileReference; fileEncoding = 4; lastKnownFileType = sourcecode.swift; path = DynamicVelocityTextFieldCell.swift; sourceTree = "<group>"; };
		905A27CC1EA3DE5500BE6636 /* ViewControllerForTableViewController.swift */ = {isa = PBXFileReference; fileEncoding = 4; lastKnownFileType = sourcecode.swift; path = ViewControllerForTableViewController.swift; sourceTree = "<group>"; };
		906AD3541EA0F72D00E7B487 /* dynamicVelocityCell.swift */ = {isa = PBXFileReference; fileEncoding = 4; lastKnownFileType = sourcecode.swift; path = dynamicVelocityCell.swift; sourceTree = "<group>"; };
		907C100B1EA144510021154B /* VelocityViewController.swift */ = {isa = PBXFileReference; fileEncoding = 4; lastKnownFileType = sourcecode.swift; path = VelocityViewController.swift; sourceTree = "<group>"; };
		90985D691E9BBBB40053D66F /* ResultCell.swift */ = {isa = PBXFileReference; fileEncoding = 4; lastKnownFileType = sourcecode.swift; path = ResultCell.swift; sourceTree = "<group>"; };
		90C4EB331EAE572600DA1965 /* TableViewControllerSettings.swift */ = {isa = PBXFileReference; fileEncoding = 4; lastKnownFileType = sourcecode.swift; name = TableViewControllerSettings.swift; path = TABLEVIEW_1/TableViewControllerSettings.swift; sourceTree = "<group>"; };
		90D8A5DE1E9AC35300227C72 /* TABLEVIEW_1.app */ = {isa = PBXFileReference; explicitFileType = wrapper.application; includeInIndex = 0; path = TABLEVIEW_1.app; sourceTree = BUILT_PRODUCTS_DIR; };
		90D8A5E11E9AC35300227C72 /* AppDelegate.swift */ = {isa = PBXFileReference; lastKnownFileType = sourcecode.swift; path = AppDelegate.swift; sourceTree = "<group>"; };
		90D8A5E31E9AC35300227C72 /* ViewController.swift */ = {isa = PBXFileReference; lastKnownFileType = sourcecode.swift; path = ViewController.swift; sourceTree = "<group>"; };
		90D8A5E61E9AC35300227C72 /* Base */ = {isa = PBXFileReference; lastKnownFileType = file.storyboard; name = Base; path = Base.lproj/Main.storyboard; sourceTree = "<group>"; };
		90D8A5E81E9AC35300227C72 /* Assets.xcassets */ = {isa = PBXFileReference; lastKnownFileType = folder.assetcatalog; path = Assets.xcassets; sourceTree = "<group>"; };
		90D8A5EB1E9AC35300227C72 /* Base */ = {isa = PBXFileReference; lastKnownFileType = file.storyboard; name = Base; path = Base.lproj/LaunchScreen.storyboard; sourceTree = "<group>"; };
		90D8A5ED1E9AC35300227C72 /* Info.plist */ = {isa = PBXFileReference; lastKnownFileType = text.plist.xml; path = Info.plist; sourceTree = "<group>"; };
		90D8A5F21E9AC35300227C72 /* TABLEVIEW_1Tests.xctest */ = {isa = PBXFileReference; explicitFileType = wrapper.cfbundle; includeInIndex = 0; path = TABLEVIEW_1Tests.xctest; sourceTree = BUILT_PRODUCTS_DIR; };
		90D8A5F61E9AC35300227C72 /* TABLEVIEW_1Tests.swift */ = {isa = PBXFileReference; lastKnownFileType = sourcecode.swift; path = TABLEVIEW_1Tests.swift; sourceTree = "<group>"; };
		90D8A5F81E9AC35300227C72 /* Info.plist */ = {isa = PBXFileReference; lastKnownFileType = text.plist.xml; path = Info.plist; sourceTree = "<group>"; };
		90D8A5FD1E9AC35300227C72 /* TABLEVIEW_1UITests.xctest */ = {isa = PBXFileReference; explicitFileType = wrapper.cfbundle; includeInIndex = 0; path = TABLEVIEW_1UITests.xctest; sourceTree = BUILT_PRODUCTS_DIR; };
		90D8A6011E9AC35300227C72 /* TABLEVIEW_1UITests.swift */ = {isa = PBXFileReference; lastKnownFileType = sourcecode.swift; path = TABLEVIEW_1UITests.swift; sourceTree = "<group>"; };
		90D8A6031E9AC35300227C72 /* Info.plist */ = {isa = PBXFileReference; lastKnownFileType = text.plist.xml; path = Info.plist; sourceTree = "<group>"; };
		90D8A60F1E9AC73500227C72 /* CustomCell.swift */ = {isa = PBXFileReference; fileEncoding = 4; lastKnownFileType = sourcecode.swift; path = CustomCell.swift; sourceTree = "<group>"; };
		90D8A6111E9AD65900227C72 /* SwitchCell.swift */ = {isa = PBXFileReference; fileEncoding = 4; lastKnownFileType = sourcecode.swift; path = SwitchCell.swift; sourceTree = "<group>"; };
		90E3859D1EAD2125008F82DE /* LoadingScreenViewController.swift */ = {isa = PBXFileReference; fileEncoding = 4; lastKnownFileType = sourcecode.swift; name = LoadingScreenViewController.swift; path = TABLEVIEW_1/LoadingScreenViewController.swift; sourceTree = "<group>"; };
		90E7042C1EA18726003AADEC /* TableViewController.swift */ = {isa = PBXFileReference; fileEncoding = 4; lastKnownFileType = sourcecode.swift; path = TableViewController.swift; sourceTree = "<group>"; };
/* End PBXFileReference section */

/* Begin PBXFrameworksBuildPhase section */
		90D8A5DB1E9AC35300227C72 /* Frameworks */ = {
			isa = PBXFrameworksBuildPhase;
			buildActionMask = 2147483647;
			files = (
			);
			runOnlyForDeploymentPostprocessing = 0;
		};
		90D8A5EF1E9AC35300227C72 /* Frameworks */ = {
			isa = PBXFrameworksBuildPhase;
			buildActionMask = 2147483647;
			files = (
			);
			runOnlyForDeploymentPostprocessing = 0;
		};
		90D8A5FA1E9AC35300227C72 /* Frameworks */ = {
			isa = PBXFrameworksBuildPhase;
			buildActionMask = 2147483647;
			files = (
			);
			runOnlyForDeploymentPostprocessing = 0;
		};
/* End PBXFrameworksBuildPhase section */

/* Begin PBXGroup section */
		90D8A5D51E9AC35300227C72 = {
			isa = PBXGroup;
			children = (
				90C4EB331EAE572600DA1965 /* TableViewControllerSettings.swift */,
				90E3859D1EAD2125008F82DE /* LoadingScreenViewController.swift */,
				90416B881EA6FAFC006A3EE7 /* tableViewControllerResult.swift */,
				90D8A5E01E9AC35300227C72 /* TABLEVIEW_1 */,
				90D8A5F51E9AC35300227C72 /* TABLEVIEW_1Tests */,
				90D8A6001E9AC35300227C72 /* TABLEVIEW_1UITests */,
				90D8A5DF1E9AC35300227C72 /* Products */,
			);
			sourceTree = "<group>";
		};
		90D8A5DF1E9AC35300227C72 /* Products */ = {
			isa = PBXGroup;
			children = (
				90D8A5DE1E9AC35300227C72 /* TABLEVIEW_1.app */,
				90D8A5F21E9AC35300227C72 /* TABLEVIEW_1Tests.xctest */,
				90D8A5FD1E9AC35300227C72 /* TABLEVIEW_1UITests.xctest */,
			);
			name = Products;
			sourceTree = "<group>";
		};
		90D8A5E01E9AC35300227C72 /* TABLEVIEW_1 */ = {
			isa = PBXGroup;
			children = (
				90D8A6111E9AD65900227C72 /* SwitchCell.swift */,
				905A27CC1EA3DE5500BE6636 /* ViewControllerForTableViewController.swift */,
				906AD3541EA0F72D00E7B487 /* dynamicVelocityCell.swift */,
				904904B81EA2577600FC6F03 /* DynamicVelocityTextFieldCell.swift */,
				90985D691E9BBBB40053D66F /* ResultCell.swift */,
				90D8A60F1E9AC73500227C72 /* CustomCell.swift */,
				90D8A5E11E9AC35300227C72 /* AppDelegate.swift */,
				90D8A5E31E9AC35300227C72 /* ViewController.swift */,
				904904B61EA19AA700FC6F03 /* ResultViewController.swift */,
				90D8A5E51E9AC35300227C72 /* Main.storyboard */,
				90D8A5E81E9AC35300227C72 /* Assets.xcassets */,
				90D8A5EA1E9AC35300227C72 /* LaunchScreen.storyboard */,
				90D8A5ED1E9AC35300227C72 /* Info.plist */,
				907C100B1EA144510021154B /* VelocityViewController.swift */,
				90E7042C1EA18726003AADEC /* TableViewController.swift */,
			);
			path = TABLEVIEW_1;
			sourceTree = "<group>";
		};
		90D8A5F51E9AC35300227C72 /* TABLEVIEW_1Tests */ = {
			isa = PBXGroup;
			children = (
				90D8A5F61E9AC35300227C72 /* TABLEVIEW_1Tests.swift */,
				90D8A5F81E9AC35300227C72 /* Info.plist */,
			);
			path = TABLEVIEW_1Tests;
			sourceTree = "<group>";
		};
		90D8A6001E9AC35300227C72 /* TABLEVIEW_1UITests */ = {
			isa = PBXGroup;
			children = (
				90D8A6011E9AC35300227C72 /* TABLEVIEW_1UITests.swift */,
				90D8A6031E9AC35300227C72 /* Info.plist */,
			);
			path = TABLEVIEW_1UITests;
			sourceTree = "<group>";
		};
/* End PBXGroup section */

/* Begin PBXNativeTarget section */
		90D8A5DD1E9AC35300227C72 /* TABLEVIEW_1 */ = {
			isa = PBXNativeTarget;
			buildConfigurationList = 90D8A6061E9AC35300227C72 /* Build configuration list for PBXNativeTarget "TABLEVIEW_1" */;
			buildPhases = (
				90D8A5DA1E9AC35300227C72 /* Sources */,
				90D8A5DB1E9AC35300227C72 /* Frameworks */,
				90D8A5DC1E9AC35300227C72 /* Resources */,
			);
			buildRules = (
			);
			dependencies = (
			);
			name = TABLEVIEW_1;
			productName = TABLEVIEW_1;
			productReference = 90D8A5DE1E9AC35300227C72 /* TABLEVIEW_1.app */;
			productType = "com.apple.product-type.application";
		};
		90D8A5F11E9AC35300227C72 /* TABLEVIEW_1Tests */ = {
			isa = PBXNativeTarget;
			buildConfigurationList = 90D8A6091E9AC35300227C72 /* Build configuration list for PBXNativeTarget "TABLEVIEW_1Tests" */;
			buildPhases = (
				90D8A5EE1E9AC35300227C72 /* Sources */,
				90D8A5EF1E9AC35300227C72 /* Frameworks */,
				90D8A5F01E9AC35300227C72 /* Resources */,
			);
			buildRules = (
			);
			dependencies = (
				90D8A5F41E9AC35300227C72 /* PBXTargetDependency */,
			);
			name = TABLEVIEW_1Tests;
			productName = TABLEVIEW_1Tests;
			productReference = 90D8A5F21E9AC35300227C72 /* TABLEVIEW_1Tests.xctest */;
			productType = "com.apple.product-type.bundle.unit-test";
		};
		90D8A5FC1E9AC35300227C72 /* TABLEVIEW_1UITests */ = {
			isa = PBXNativeTarget;
			buildConfigurationList = 90D8A60C1E9AC35300227C72 /* Build configuration list for PBXNativeTarget "TABLEVIEW_1UITests" */;
			buildPhases = (
				90D8A5F91E9AC35300227C72 /* Sources */,
				90D8A5FA1E9AC35300227C72 /* Frameworks */,
				90D8A5FB1E9AC35300227C72 /* Resources */,
			);
			buildRules = (
			);
			dependencies = (
				90D8A5FF1E9AC35300227C72 /* PBXTargetDependency */,
			);
			name = TABLEVIEW_1UITests;
			productName = TABLEVIEW_1UITests;
			productReference = 90D8A5FD1E9AC35300227C72 /* TABLEVIEW_1UITests.xctest */;
			productType = "com.apple.product-type.bundle.ui-testing";
		};
/* End PBXNativeTarget section */

/* Begin PBXProject section */
		90D8A5D61E9AC35300227C72 /* Project object */ = {
			isa = PBXProject;
			attributes = {
				LastSwiftUpdateCheck = 0820;
				LastUpgradeCheck = 0820;
				ORGANIZATIONNAME = JCO;
				TargetAttributes = {
					90D8A5DD1E9AC35300227C72 = {
						CreatedOnToolsVersion = 8.2.1;
						DevelopmentTeam = P2NNRDLB42;
						ProvisioningStyle = Automatic;
					};
					90D8A5F11E9AC35300227C72 = {
						CreatedOnToolsVersion = 8.2.1;
						ProvisioningStyle = Automatic;
						TestTargetID = 90D8A5DD1E9AC35300227C72;
					};
					90D8A5FC1E9AC35300227C72 = {
						CreatedOnToolsVersion = 8.2.1;
						ProvisioningStyle = Automatic;
						TestTargetID = 90D8A5DD1E9AC35300227C72;
					};
				};
			};
			buildConfigurationList = 90D8A5D91E9AC35300227C72 /* Build configuration list for PBXProject "TABLEVIEW_1" */;
			compatibilityVersion = "Xcode 3.2";
			developmentRegion = English;
			hasScannedForEncodings = 0;
			knownRegions = (
				en,
				Base,
			);
			mainGroup = 90D8A5D51E9AC35300227C72;
			productRefGroup = 90D8A5DF1E9AC35300227C72 /* Products */;
			projectDirPath = "";
			projectRoot = "";
			targets = (
				90D8A5DD1E9AC35300227C72 /* TABLEVIEW_1 */,
				90D8A5F11E9AC35300227C72 /* TABLEVIEW_1Tests */,
				90D8A5FC1E9AC35300227C72 /* TABLEVIEW_1UITests */,
			);
		};
/* End PBXProject section */

/* Begin PBXResourcesBuildPhase section */
		90D8A5DC1E9AC35300227C72 /* Resources */ = {
			isa = PBXResourcesBuildPhase;
			buildActionMask = 2147483647;
			files = (
				90D8A5EC1E9AC35300227C72 /* LaunchScreen.storyboard in Resources */,
				90D8A5E91E9AC35300227C72 /* Assets.xcassets in Resources */,
				90D8A5E71E9AC35300227C72 /* Main.storyboard in Resources */,
			);
			runOnlyForDeploymentPostprocessing = 0;
		};
		90D8A5F01E9AC35300227C72 /* Resources */ = {
			isa = PBXResourcesBuildPhase;
			buildActionMask = 2147483647;
			files = (
			);
			runOnlyForDeploymentPostprocessing = 0;
		};
		90D8A5FB1E9AC35300227C72 /* Resources */ = {
			isa = PBXResourcesBuildPhase;
			buildActionMask = 2147483647;
			files = (
			);
			runOnlyForDeploymentPostprocessing = 0;
		};
/* End PBXResourcesBuildPhase section */

/* Begin PBXSourcesBuildPhase section */
		90D8A5DA1E9AC35300227C72 /* Sources */ = {
			isa = PBXSourcesBuildPhase;
			buildActionMask = 2147483647;
			files = (
				90416B891EA6FAFC006A3EE7 /* tableViewControllerResult.swift in Sources */,
				907C100C1EA144510021154B /* VelocityViewController.swift in Sources */,
				90D8A5E41E9AC35300227C72 /* ViewController.swift in Sources */,
				90D8A6121E9AD65900227C72 /* SwitchCell.swift in Sources */,
				90E7042D1EA18726003AADEC /* TableViewController.swift in Sources */,
				90D8A6101E9AC73500227C72 /* CustomCell.swift in Sources */,
				90C4EB341EAE572600DA1965 /* TableViewControllerSettings.swift in Sources */,
				90985D6A1E9BBBB40053D66F /* ResultCell.swift in Sources */,
				906AD3551EA0F72D00E7B487 /* dynamicVelocityCell.swift in Sources */,
				90D8A5E21E9AC35300227C72 /* AppDelegate.swift in Sources */,
				905A27CD1EA3DE5500BE6636 /* ViewControllerForTableViewController.swift in Sources */,
				90E3859E1EAD2125008F82DE /* LoadingScreenViewController.swift in Sources */,
				904904B91EA2577600FC6F03 /* DynamicVelocityTextFieldCell.swift in Sources */,
				904904B71EA19AA700FC6F03 /* ResultViewController.swift in Sources */,
			);
			runOnlyForDeploymentPostprocessing = 0;
		};
		90D8A5EE1E9AC35300227C72 /* Sources */ = {
			isa = PBXSourcesBuildPhase;
			buildActionMask = 2147483647;
			files = (
				90D8A5F71E9AC35300227C72 /* TABLEVIEW_1Tests.swift in Sources */,
			);
			runOnlyForDeploymentPostprocessing = 0;
		};
		90D8A5F91E9AC35300227C72 /* Sources */ = {
			isa = PBXSourcesBuildPhase;
			buildActionMask = 2147483647;
			files = (
				90D8A6021E9AC35300227C72 /* TABLEVIEW_1UITests.swift in Sources */,
			);
			runOnlyForDeploymentPostprocessing = 0;
		};
/* End PBXSourcesBuildPhase section */

/* Begin PBXTargetDependency section */
		90D8A5F41E9AC35300227C72 /* PBXTargetDependency */ = {
			isa = PBXTargetDependency;
			target = 90D8A5DD1E9AC35300227C72 /* TABLEVIEW_1 */;
			targetProxy = 90D8A5F31E9AC35300227C72 /* PBXContainerItemProxy */;
		};
		90D8A5FF1E9AC35300227C72 /* PBXTargetDependency */ = {
			isa = PBXTargetDependency;
			target = 90D8A5DD1E9AC35300227C72 /* TABLEVIEW_1 */;
			targetProxy = 90D8A5FE1E9AC35300227C72 /* PBXContainerItemProxy */;
		};
/* End PBXTargetDependency section */

/* Begin PBXVariantGroup section */
		90D8A5E51E9AC35300227C72 /* Main.storyboard */ = {
			isa = PBXVariantGroup;
			children = (
				90D8A5E61E9AC35300227C72 /* Base */,
			);
			name = Main.storyboard;
			sourceTree = "<group>";
		};
		90D8A5EA1E9AC35300227C72 /* LaunchScreen.storyboard */ = {
			isa = PBXVariantGroup;
			children = (
				90D8A5EB1E9AC35300227C72 /* Base */,
			);
			name = LaunchScreen.storyboard;
			sourceTree = "<group>";
		};
/* End PBXVariantGroup section */

/* Begin XCBuildConfiguration section */
		90D8A6041E9AC35300227C72 /* Debug */ = {
			isa = XCBuildConfiguration;
			buildSettings = {
				ALWAYS_SEARCH_USER_PATHS = NO;
				CLANG_ANALYZER_NONNULL = YES;
				CLANG_CXX_LANGUAGE_STANDARD = "gnu++0x";
				CLANG_CXX_LIBRARY = "libc++";
				CLANG_ENABLE_MODULES = YES;
				CLANG_ENABLE_OBJC_ARC = YES;
				CLANG_WARN_BOOL_CONVERSION = YES;
				CLANG_WARN_CONSTANT_CONVERSION = YES;
				CLANG_WARN_DIRECT_OBJC_ISA_USAGE = YES_ERROR;
				CLANG_WARN_DOCUMENTATION_COMMENTS = YES;
				CLANG_WARN_EMPTY_BODY = YES;
				CLANG_WARN_ENUM_CONVERSION = YES;
				CLANG_WARN_INFINITE_RECURSION = YES;
				CLANG_WARN_INT_CONVERSION = YES;
				CLANG_WARN_OBJC_ROOT_CLASS = YES_ERROR;
				CLANG_WARN_SUSPICIOUS_MOVE = YES;
				CLANG_WARN_UNREACHABLE_CODE = YES;
				CLANG_WARN__DUPLICATE_METHOD_MATCH = YES;
				"CODE_SIGN_IDENTITY[sdk=iphoneos*]" = "iPhone Developer";
				COPY_PHASE_STRIP = NO;
				DEBUG_INFORMATION_FORMAT = dwarf;
				ENABLE_STRICT_OBJC_MSGSEND = YES;
				ENABLE_TESTABILITY = YES;
				GCC_C_LANGUAGE_STANDARD = gnu99;
				GCC_DYNAMIC_NO_PIC = NO;
				GCC_NO_COMMON_BLOCKS = YES;
				GCC_OPTIMIZATION_LEVEL = 0;
				GCC_PREPROCESSOR_DEFINITIONS = (
					"DEBUG=1",
					"$(inherited)",
				);
				GCC_WARN_64_TO_32_BIT_CONVERSION = YES;
				GCC_WARN_ABOUT_RETURN_TYPE = YES_ERROR;
				GCC_WARN_UNDECLARED_SELECTOR = YES;
				GCC_WARN_UNINITIALIZED_AUTOS = YES_AGGRESSIVE;
				GCC_WARN_UNUSED_FUNCTION = YES;
				GCC_WARN_UNUSED_VARIABLE = YES;
				IPHONEOS_DEPLOYMENT_TARGET = 10.2;
				MTL_ENABLE_DEBUG_INFO = YES;
				ONLY_ACTIVE_ARCH = YES;
				SDKROOT = iphoneos;
				SWIFT_ACTIVE_COMPILATION_CONDITIONS = DEBUG;
				SWIFT_OPTIMIZATION_LEVEL = "-Onone";
				TARGETED_DEVICE_FAMILY = "1,2";
			};
			name = Debug;
		};
		90D8A6051E9AC35300227C72 /* Release */ = {
			isa = XCBuildConfiguration;
			buildSettings = {
				ALWAYS_SEARCH_USER_PATHS = NO;
				CLANG_ANALYZER_NONNULL = YES;
				CLANG_CXX_LANGUAGE_STANDARD = "gnu++0x";
				CLANG_CXX_LIBRARY = "libc++";
				CLANG_ENABLE_MODULES = YES;
				CLANG_ENABLE_OBJC_ARC = YES;
				CLANG_WARN_BOOL_CONVERSION = YES;
				CLANG_WARN_CONSTANT_CONVERSION = YES;
				CLANG_WARN_DIRECT_OBJC_ISA_USAGE = YES_ERROR;
				CLANG_WARN_DOCUMENTATION_COMMENTS = YES;
				CLANG_WARN_EMPTY_BODY = YES;
				CLANG_WARN_ENUM_CONVERSION = YES;
				CLANG_WARN_INFINITE_RECURSION = YES;
				CLANG_WARN_INT_CONVERSION = YES;
				CLANG_WARN_OBJC_ROOT_CLASS = YES_ERROR;
				CLANG_WARN_SUSPICIOUS_MOVE = YES;
				CLANG_WARN_UNREACHABLE_CODE = YES;
				CLANG_WARN__DUPLICATE_METHOD_MATCH = YES;
				"CODE_SIGN_IDENTITY[sdk=iphoneos*]" = "iPhone Developer";
				COPY_PHASE_STRIP = NO;
				DEBUG_INFORMATION_FORMAT = "dwarf-with-dsym";
				ENABLE_NS_ASSERTIONS = NO;
				ENABLE_STRICT_OBJC_MSGSEND = YES;
				GCC_C_LANGUAGE_STANDARD = gnu99;
				GCC_NO_COMMON_BLOCKS = YES;
				GCC_WARN_64_TO_32_BIT_CONVERSION = YES;
				GCC_WARN_ABOUT_RETURN_TYPE = YES_ERROR;
				GCC_WARN_UNDECLARED_SELECTOR = YES;
				GCC_WARN_UNINITIALIZED_AUTOS = YES_AGGRESSIVE;
				GCC_WARN_UNUSED_FUNCTION = YES;
				GCC_WARN_UNUSED_VARIABLE = YES;
				IPHONEOS_DEPLOYMENT_TARGET = 10.2;
				MTL_ENABLE_DEBUG_INFO = NO;
				SDKROOT = iphoneos;
				SWIFT_OPTIMIZATION_LEVEL = "-Owholemodule";
				TARGETED_DEVICE_FAMILY = "1,2";
				VALIDATE_PRODUCT = YES;
			};
			name = Release;
		};
		90D8A6071E9AC35300227C72 /* Debug */ = {
			isa = XCBuildConfiguration;
			buildSettings = {
				ASSETCATALOG_COMPILER_APPICON_NAME = AppIcon;
				"CODE_SIGN_IDENTITY[sdk=iphoneos*]" = "iPhone Developer";
				DEVELOPMENT_TEAM = P2NNRDLB42;
				INFOPLIST_FILE = TABLEVIEW_1/Info.plist;
				LD_RUNPATH_SEARCH_PATHS = "$(inherited) @executable_path/Frameworks";
				PRODUCT_BUNDLE_IDENTIFIER = com.josephcorbin.pitonew;
				PRODUCT_NAME = "$(TARGET_NAME)";
				SWIFT_VERSION = 3.0;
			};
			name = Debug;
		};
		90D8A6081E9AC35300227C72 /* Release */ = {
			isa = XCBuildConfiguration;
			buildSettings = {
				ASSETCATALOG_COMPILER_APPICON_NAME = AppIcon;
				"CODE_SIGN_IDENTITY[sdk=iphoneos*]" = "iPhone Developer";
				DEVELOPMENT_TEAM = P2NNRDLB42;
				INFOPLIST_FILE = TABLEVIEW_1/Info.plist;
				LD_RUNPATH_SEARCH_PATHS = "$(inherited) @executable_path/Frameworks";
				PRODUCT_BUNDLE_IDENTIFIER = com.josephcorbin.pitonew;
				PRODUCT_NAME = "$(TARGET_NAME)";
				SWIFT_VERSION = 3.0;
			};
			name = Release;
		};
		90D8A60A1E9AC35300227C72 /* Debug */ = {
			isa = XCBuildConfiguration;
			buildSettings = {
				ALWAYS_EMBED_SWIFT_STANDARD_LIBRARIES = YES;
				BUNDLE_LOADER = "$(TEST_HOST)";
				INFOPLIST_FILE = TABLEVIEW_1Tests/Info.plist;
				LD_RUNPATH_SEARCH_PATHS = "$(inherited) @executable_path/Frameworks @loader_path/Frameworks";
				PRODUCT_BUNDLE_IDENTIFIER = "JCO.TABLEVIEW-1Tests";
				PRODUCT_NAME = "$(TARGET_NAME)";
				SWIFT_VERSION = 3.0;
				TEST_HOST = "$(BUILT_PRODUCTS_DIR)/TABLEVIEW_1.app/TABLEVIEW_1";
			};
			name = Debug;
		};
		90D8A60B1E9AC35300227C72 /* Release */ = {
			isa = XCBuildConfiguration;
			buildSettings = {
				ALWAYS_EMBED_SWIFT_STANDARD_LIBRARIES = YES;
				BUNDLE_LOADER = "$(TEST_HOST)";
				INFOPLIST_FILE = TABLEVIEW_1Tests/Info.plist;
				LD_RUNPATH_SEARCH_PATHS = "$(inherited) @executable_path/Frameworks @loader_path/Frameworks";
				PRODUCT_BUNDLE_IDENTIFIER = "JCO.TABLEVIEW-1Tests";
				PRODUCT_NAME = "$(TARGET_NAME)";
				SWIFT_VERSION = 3.0;
				TEST_HOST = "$(BUILT_PRODUCTS_DIR)/TABLEVIEW_1.app/TABLEVIEW_1";
			};
			name = Release;
		};
		90D8A60D1E9AC35300227C72 /* Debug */ = {
			isa = XCBuildConfiguration;
			buildSettings = {
				ALWAYS_EMBED_SWIFT_STANDARD_LIBRARIES = YES;
				INFOPLIST_FILE = TABLEVIEW_1UITests/Info.plist;
				LD_RUNPATH_SEARCH_PATHS = "$(inherited) @executable_path/Frameworks @loader_path/Frameworks";
				PRODUCT_BUNDLE_IDENTIFIER = "JCO.TABLEVIEW-1UITests";
				PRODUCT_NAME = "$(TARGET_NAME)";
				SWIFT_VERSION = 3.0;
				TEST_TARGET_NAME = TABLEVIEW_1;
			};
			name = Debug;
		};
		90D8A60E1E9AC35300227C72 /* Release */ = {
			isa = XCBuildConfiguration;
			buildSettings = {
				ALWAYS_EMBED_SWIFT_STANDARD_LIBRARIES = YES;
				INFOPLIST_FILE = TABLEVIEW_1UITests/Info.plist;
				LD_RUNPATH_SEARCH_PATHS = "$(inherited) @executable_path/Frameworks @loader_path/Frameworks";
				PRODUCT_BUNDLE_IDENTIFIER = "JCO.TABLEVIEW-1UITests";
				PRODUCT_NAME = "$(TARGET_NAME)";
				SWIFT_VERSION = 3.0;
				TEST_TARGET_NAME = TABLEVIEW_1;
			};
			name = Release;
		};
/* End XCBuildConfiguration section */

/* Begin XCConfigurationList section */
		90D8A5D91E9AC35300227C72 /* Build configuration list for PBXProject "TABLEVIEW_1" */ = {
			isa = XCConfigurationList;
			buildConfigurations = (
				90D8A6041E9AC35300227C72 /* Debug */,
				90D8A6051E9AC35300227C72 /* Release */,
			);
			defaultConfigurationIsVisible = 0;
			defaultConfigurationName = Release;
		};
		90D8A6061E9AC35300227C72 /* Build configuration list for PBXNativeTarget "TABLEVIEW_1" */ = {
			isa = XCConfigurationList;
			buildConfigurations = (
				90D8A6071E9AC35300227C72 /* Debug */,
				90D8A6081E9AC35300227C72 /* Release */,
			);
			defaultConfigurationIsVisible = 0;
			defaultConfigurationName = Release;
		};
		90D8A6091E9AC35300227C72 /* Build configuration list for PBXNativeTarget "TABLEVIEW_1Tests" */ = {
			isa = XCConfigurationList;
			buildConfigurations = (
				90D8A60A1E9AC35300227C72 /* Debug */,
				90D8A60B1E9AC35300227C72 /* Release */,
			);
			defaultConfigurationIsVisible = 0;
			defaultConfigurationName = Release;
		};
		90D8A60C1E9AC35300227C72 /* Build configuration list for PBXNativeTarget "TABLEVIEW_1UITests" */ = {
			isa = XCConfigurationList;
			buildConfigurations = (
				90D8A60D1E9AC35300227C72 /* Debug */,
				90D8A60E1E9AC35300227C72 /* Release */,
			);
			defaultConfigurationIsVisible = 0;
			defaultConfigurationName = Release;
		};
/* End XCConfigurationList section */
	};
	rootObject = 90D8A5D61E9AC35300227C72 /* Project object */;
}
